// !$*UTF8*$!
{
	archiveVersion = 1;
	classes = {
	};
	objectVersion = 77;
	objects = {

/* Begin PBXContainerItemProxy section */
		6DC5BE2A2E6B322D00F8CEC4 /* PBXContainerItemProxy */ = {
			isa = PBXContainerItemProxy;
			containerPortal = 6DC5BE122E6B322B00F8CEC4 /* Project object */;
			proxyType = 1;
			remoteGlobalIDString = 6DC5BE192E6B322B00F8CEC4;
			remoteInfo = kartstopper;
		};
		6DC5BE342E6B322E00F8CEC4 /* PBXContainerItemProxy */ = {
			isa = PBXContainerItemProxy;
			containerPortal = 6DC5BE122E6B322B00F8CEC4 /* Project object */;
			proxyType = 1;
			remoteGlobalIDString = 6DC5BE192E6B322B00F8CEC4;
			remoteInfo = kartstopper;
		};
/* End PBXContainerItemProxy section */

/* Begin PBXFileReference section */
		6DC5BE1A2E6B322B00F8CEC4 /* kartstopper.app */ = {isa = PBXFileReference; explicitFileType = wrapper.application; includeInIndex = 0; path = kartstopper.app; sourceTree = BUILT_PRODUCTS_DIR; };
		6DC5BE292E6B322D00F8CEC4 /* kartstopperTests.xctest */ = {isa = PBXFileReference; explicitFileType = wrapper.cfbundle; includeInIndex = 0; path = kartstopperTests.xctest; sourceTree = BUILT_PRODUCTS_DIR; };
		6DC5BE332E6B322E00F8CEC4 /* kartstopperUITests.xctest */ = {isa = PBXFileReference; explicitFileType = wrapper.cfbundle; includeInIndex = 0; path = kartstopperUITests.xctest; sourceTree = BUILT_PRODUCTS_DIR; };
/* End PBXFileReference section */

/* Begin PBXFileSystemSynchronizedRootGroup section */
		6DC5BE1C2E6B322B00F8CEC4 /* kartstopper */ = {
			isa = PBXFileSystemSynchronizedRootGroup;
			path = kartstopper;
			sourceTree = "<group>";
		};
		6DC5BE2C2E6B322D00F8CEC4 /* kartstopperTests */ = {
			isa = PBXFileSystemSynchronizedRootGroup;
			path = kartstopperTests;
			sourceTree = "<group>";
		};
		6DC5BE362E6B322E00F8CEC4 /* kartstopperUITests */ = {
			isa = PBXFileSystemSynchronizedRootGroup;
			path = kartstopperUITests;
			sourceTree = "<group>";
		};
/* End PBXFileSystemSynchronizedRootGroup section */

/* Begin PBXFrameworksBuildPhase section */
		6DC5BE172E6B322B00F8CEC4 /* Frameworks */ = {
			isa = PBXFrameworksBuildPhase;
			buildActionMask = 2147483647;
			files = (
			);
			runOnlyForDeploymentPostprocessing = 0;
		};
		6DC5BE262E6B322D00F8CEC4 /* Frameworks */ = {
			isa = PBXFrameworksBuildPhase;
			buildActionMask = 2147483647;
			files = (
			);
			runOnlyForDeploymentPostprocessing = 0;
		};
		6DC5BE302E6B322E00F8CEC4 /* Frameworks */ = {
			isa = PBXFrameworksBuildPhase;
			buildActionMask = 2147483647;
			files = (
			);
			runOnlyForDeploymentPostprocessing = 0;
		};
/* End PBXFrameworksBuildPhase section */

/* Begin PBXGroup section */
		6DC5BE112E6B322B00F8CEC4 = {
			isa = PBXGroup;
			children = (
				6DC5BE1C2E6B322B00F8CEC4 /* kartstopper */,
				6DC5BE2C2E6B322D00F8CEC4 /* kartstopperTests */,
				6DC5BE362E6B322E00F8CEC4 /* kartstopperUITests */,
				6DC5BE1B2E6B322B00F8CEC4 /* Products */,
			);
			sourceTree = "<group>";
		};
		6DC5BE1B2E6B322B00F8CEC4 /* Products */ = {
			isa = PBXGroup;
			children = (
				6DC5BE1A2E6B322B00F8CEC4 /* kartstopper.app */,
				6DC5BE292E6B322D00F8CEC4 /* kartstopperTests.xctest */,
				6DC5BE332E6B322E00F8CEC4 /* kartstopperUITests.xctest */,
			);
			name = Products;
			sourceTree = "<group>";
		};
/* End PBXGroup section */

/* Begin PBXNativeTarget section */
		6DC5BE192E6B322B00F8CEC4 /* kartstopper */ = {
			isa = PBXNativeTarget;
			buildConfigurationList = 6DC5BE3D2E6B322E00F8CEC4 /* Build configuration list for PBXNativeTarget "kartstopper" */;
			buildPhases = (
				6DC5BE162E6B322B00F8CEC4 /* Sources */,
				6DC5BE172E6B322B00F8CEC4 /* Frameworks */,
				6DC5BE182E6B322B00F8CEC4 /* Resources */,
			);
			buildRules = (
			);
			dependencies = (
			);
			fileSystemSynchronizedGroups = (
				6DC5BE1C2E6B322B00F8CEC4 /* kartstopper */,
			);
			name = kartstopper;
			packageProductDependencies = (
			);
			productName = kartstopper;
			productReference = 6DC5BE1A2E6B322B00F8CEC4 /* kartstopper.app */;
			productType = "com.apple.product-type.application";
		};
		6DC5BE282E6B322D00F8CEC4 /* kartstopperTests */ = {
			isa = PBXNativeTarget;
			buildConfigurationList = 6DC5BE402E6B322E00F8CEC4 /* Build configuration list for PBXNativeTarget "kartstopperTests" */;
			buildPhases = (
				6DC5BE252E6B322D00F8CEC4 /* Sources */,
				6DC5BE262E6B322D00F8CEC4 /* Frameworks */,
				6DC5BE272E6B322D00F8CEC4 /* Resources */,
			);
			buildRules = (
			);
			dependencies = (
				6DC5BE2B2E6B322D00F8CEC4 /* PBXTargetDependency */,
			);
			fileSystemSynchronizedGroups = (
				6DC5BE2C2E6B322D00F8CEC4 /* kartstopperTests */,
			);
			name = kartstopperTests;
			packageProductDependencies = (
			);
			productName = kartstopperTests;
			productReference = 6DC5BE292E6B322D00F8CEC4 /* kartstopperTests.xctest */;
			productType = "com.apple.product-type.bundle.unit-test";
		};
		6DC5BE322E6B322E00F8CEC4 /* kartstopperUITests */ = {
			isa = PBXNativeTarget;
			buildConfigurationList = 6DC5BE432E6B322E00F8CEC4 /* Build configuration list for PBXNativeTarget "kartstopperUITests" */;
			buildPhases = (
				6DC5BE2F2E6B322E00F8CEC4 /* Sources */,
				6DC5BE302E6B322E00F8CEC4 /* Frameworks */,
				6DC5BE312E6B322E00F8CEC4 /* Resources */,
			);
			buildRules = (
			);
			dependencies = (
				6DC5BE352E6B322E00F8CEC4 /* PBXTargetDependency */,
			);
			fileSystemSynchronizedGroups = (
				6DC5BE362E6B322E00F8CEC4 /* kartstopperUITests */,
			);
			name = kartstopperUITests;
			packageProductDependencies = (
			);
			productName = kartstopperUITests;
			productReference = 6DC5BE332E6B322E00F8CEC4 /* kartstopperUITests.xctest */;
			productType = "com.apple.product-type.bundle.ui-testing";
		};
/* End PBXNativeTarget section */

/* Begin PBXProject section */
		6DC5BE122E6B322B00F8CEC4 /* Project object */ = {
			isa = PBXProject;
			attributes = {
				BuildIndependentTargetsInParallel = 1;
				LastSwiftUpdateCheck = 1640;
				LastUpgradeCheck = 1640;
				TargetAttributes = {
					6DC5BE192E6B322B00F8CEC4 = {
						CreatedOnToolsVersion = 16.4;
					};
					6DC5BE282E6B322D00F8CEC4 = {
						CreatedOnToolsVersion = 16.4;
						TestTargetID = 6DC5BE192E6B322B00F8CEC4;
					};
					6DC5BE322E6B322E00F8CEC4 = {
						CreatedOnToolsVersion = 16.4;
						TestTargetID = 6DC5BE192E6B322B00F8CEC4;
					};
				};
			};
			buildConfigurationList = 6DC5BE152E6B322B00F8CEC4 /* Build configuration list for PBXProject "kartstopper" */;
			developmentRegion = en;
			hasScannedForEncodings = 0;
			knownRegions = (
				en,
				Base,
			);
			mainGroup = 6DC5BE112E6B322B00F8CEC4;
			minimizedProjectReferenceProxies = 1;
			preferredProjectObjectVersion = 77;
			productRefGroup = 6DC5BE1B2E6B322B00F8CEC4 /* Products */;
			projectDirPath = "";
			projectRoot = "";
			targets = (
				6DC5BE192E6B322B00F8CEC4 /* kartstopper */,
				6DC5BE282E6B322D00F8CEC4 /* kartstopperTests */,
				6DC5BE322E6B322E00F8CEC4 /* kartstopperUITests */,
			);
		};
/* End PBXProject section */

/* Begin PBXResourcesBuildPhase section */
		6DC5BE182E6B322B00F8CEC4 /* Resources */ = {
			isa = PBXResourcesBuildPhase;
			buildActionMask = 2147483647;
			files = (
			);
			runOnlyForDeploymentPostprocessing = 0;
		};
		6DC5BE272E6B322D00F8CEC4 /* Resources */ = {
			isa = PBXResourcesBuildPhase;
			buildActionMask = 2147483647;
			files = (
			);
			runOnlyForDeploymentPostprocessing = 0;
		};
		6DC5BE312E6B322E00F8CEC4 /* Resources */ = {
			isa = PBXResourcesBuildPhase;
			buildActionMask = 2147483647;
			files = (
			);
			runOnlyForDeploymentPostprocessing = 0;
		};
/* End PBXResourcesBuildPhase section */

/* Begin PBXSourcesBuildPhase section */
		6DC5BE162E6B322B00F8CEC4 /* Sources */ = {
			isa = PBXSourcesBuildPhase;
			buildActionMask = 2147483647;
			files = (
			);
			runOnlyForDeploymentPostprocessing = 0;
		};
		6DC5BE252E6B322D00F8CEC4 /* Sources */ = {
			isa = PBXSourcesBuildPhase;
			buildActionMask = 2147483647;
			files = (
			);
			runOnlyForDeploymentPostprocessing = 0;
		};
		6DC5BE2F2E6B322E00F8CEC4 /* Sources */ = {
			isa = PBXSourcesBuildPhase;
			buildActionMask = 2147483647;
			files = (
			);
			runOnlyForDeploymentPostprocessing = 0;
		};
/* End PBXSourcesBuildPhase section */

/* Begin PBXTargetDependency section */
		6DC5BE2B2E6B322D00F8CEC4 /* PBXTargetDependency */ = {
			isa = PBXTargetDependency;
			target = 6DC5BE192E6B322B00F8CEC4 /* kartstopper */;
			targetProxy = 6DC5BE2A2E6B322D00F8CEC4 /* PBXContainerItemProxy */;
		};
		6DC5BE352E6B322E00F8CEC4 /* PBXTargetDependency */ = {
			isa = PBXTargetDependency;
			target = 6DC5BE192E6B322B00F8CEC4 /* kartstopper */;
			targetProxy = 6DC5BE342E6B322E00F8CEC4 /* PBXContainerItemProxy */;
		};
/* End PBXTargetDependency section */

/* Begin XCBuildConfiguration section */
		6DC5BE3B2E6B322E00F8CEC4 /* Debug */ = {
			isa = XCBuildConfiguration;
			buildSettings = {
				ALWAYS_SEARCH_USER_PATHS = NO;
				ASSETCATALOG_COMPILER_GENERATE_SWIFT_ASSET_SYMBOL_EXTENSIONS = YES;
				CLANG_ANALYZER_NONNULL = YES;
				CLANG_ANALYZER_NUMBER_OBJECT_CONVERSION = YES_AGGRESSIVE;
				CLANG_CXX_LANGUAGE_STANDARD = "gnu++20";
				CLANG_ENABLE_MODULES = YES;
				CLANG_ENABLE_OBJC_ARC = YES;
				CLANG_ENABLE_OBJC_WEAK = YES;
				CLANG_WARN_BLOCK_CAPTURE_AUTORELEASING = YES;
				CLANG_WARN_BOOL_CONVERSION = YES;
				CLANG_WARN_COMMA = YES;
				CLANG_WARN_CONSTANT_CONVERSION = YES;
				CLANG_WARN_DEPRECATED_OBJC_IMPLEMENTATIONS = YES;
				CLANG_WARN_DIRECT_OBJC_ISA_USAGE = YES_ERROR;
				CLANG_WARN_DOCUMENTATION_COMMENTS = YES;
				CLANG_WARN_EMPTY_BODY = YES;
				CLANG_WARN_ENUM_CONVERSION = YES;
				CLANG_WARN_INFINITE_RECURSION = YES;
				CLANG_WARN_INT_CONVERSION = YES;
				CLANG_WARN_NON_LITERAL_NULL_CONVERSION = YES;
				CLANG_WARN_OBJC_IMPLICIT_RETAIN_SELF = YES;
				CLANG_WARN_OBJC_LITERAL_CONVERSION = YES;
				CLANG_WARN_OBJC_ROOT_CLASS = YES_ERROR;
				CLANG_WARN_QUOTED_INCLUDE_IN_FRAMEWORK_HEADER = YES;
				CLANG_WARN_RANGE_LOOP_ANALYSIS = YES;
				CLANG_WARN_STRICT_PROTOTYPES = YES;
				CLANG_WARN_SUSPICIOUS_MOVE = YES;
				CLANG_WARN_UNGUARDED_AVAILABILITY = YES_AGGRESSIVE;
				CLANG_WARN_UNREACHABLE_CODE = YES;
				CLANG_WARN__DUPLICATE_METHOD_MATCH = YES;
				COPY_PHASE_STRIP = NO;
				DEBUG_INFORMATION_FORMAT = dwarf;
				DEVELOPMENT_TEAM = 24883L9UCA;
				ENABLE_STRICT_OBJC_MSGSEND = YES;
				ENABLE_TESTABILITY = YES;
				ENABLE_USER_SCRIPT_SANDBOXING = YES;
				GCC_C_LANGUAGE_STANDARD = gnu17;
				GCC_DYNAMIC_NO_PIC = NO;
				GCC_NO_COMMON_BLOCKS = YES;
				GCC_OPTIMIZATION_LEVEL = 0;
				GCC_PREPROCESSOR_DEFINITIONS = (
					"DEBUG=1",
					"$(inherited)",
				);
				GCC_WARN_64_TO_32_BIT_CONVERSION = YES;
				GCC_WARN_ABOUT_RETURN_TYPE = YES_ERROR;
				GCC_WARN_UNDECLARED_SELECTOR = YES;
				GCC_WARN_UNINITIALIZED_AUTOS = YES_AGGRESSIVE;
				GCC_WARN_UNUSED_FUNCTION = YES;
				GCC_WARN_UNUSED_VARIABLE = YES;
				IPHONEOS_DEPLOYMENT_TARGET = 18.5;
				LOCALIZATION_PREFERS_STRING_CATALOGS = YES;
				MTL_ENABLE_DEBUG_INFO = INCLUDE_SOURCE;
				MTL_FAST_MATH = YES;
				ONLY_ACTIVE_ARCH = YES;
				SDKROOT = iphoneos;
				SWIFT_ACTIVE_COMPILATION_CONDITIONS = "DEBUG $(inherited)";
				SWIFT_OPTIMIZATION_LEVEL = "-Onone";
			};
			name = Debug;
		};
		6DC5BE3C2E6B322E00F8CEC4 /* Release */ = {
			isa = XCBuildConfiguration;
			buildSettings = {
				ALWAYS_SEARCH_USER_PATHS = NO;
				ASSETCATALOG_COMPILER_GENERATE_SWIFT_ASSET_SYMBOL_EXTENSIONS = YES;
				CLANG_ANALYZER_NONNULL = YES;
				CLANG_ANALYZER_NUMBER_OBJECT_CONVERSION = YES_AGGRESSIVE;
				CLANG_CXX_LANGUAGE_STANDARD = "gnu++20";
				CLANG_ENABLE_MODULES = YES;
				CLANG_ENABLE_OBJC_ARC = YES;
				CLANG_ENABLE_OBJC_WEAK = YES;
				CLANG_WARN_BLOCK_CAPTURE_AUTORELEASING = YES;
				CLANG_WARN_BOOL_CONVERSION = YES;
				CLANG_WARN_COMMA = YES;
				CLANG_WARN_CONSTANT_CONVERSION = YES;
				CLANG_WARN_DEPRECATED_OBJC_IMPLEMENTATIONS = YES;
				CLANG_WARN_DIRECT_OBJC_ISA_USAGE = YES_ERROR;
				CLANG_WARN_DOCUMENTATION_COMMENTS = YES;
				CLANG_WARN_EMPTY_BODY = YES;
				CLANG_WARN_ENUM_CONVERSION = YES;
				CLANG_WARN_INFINITE_RECURSION = YES;
				CLANG_WARN_INT_CONVERSION = YES;
				CLANG_WARN_NON_LITERAL_NULL_CONVERSION = YES;
				CLANG_WARN_OBJC_IMPLICIT_RETAIN_SELF = YES;
				CLANG_WARN_OBJC_LITERAL_CONVERSION = YES;
				CLANG_WARN_OBJC_ROOT_CLASS = YES_ERROR;
				CLANG_WARN_QUOTED_INCLUDE_IN_FRAMEWORK_HEADER = YES;
				CLANG_WARN_RANGE_LOOP_ANALYSIS = YES;
				CLANG_WARN_STRICT_PROTOTYPES = YES;
				CLANG_WARN_SUSPICIOUS_MOVE = YES;
				CLANG_WARN_UNGUARDED_AVAILABILITY = YES_AGGRESSIVE;
				CLANG_WARN_UNREACHABLE_CODE = YES;
				CLANG_WARN__DUPLICATE_METHOD_MATCH = YES;
				COPY_PHASE_STRIP = NO;
				DEBUG_INFORMATION_FORMAT = "dwarf-with-dsym";
				DEVELOPMENT_TEAM = 24883L9UCA;
				ENABLE_NS_ASSERTIONS = NO;
				ENABLE_STRICT_OBJC_MSGSEND = YES;
				ENABLE_USER_SCRIPT_SANDBOXING = YES;
				GCC_C_LANGUAGE_STANDARD = gnu17;
				GCC_NO_COMMON_BLOCKS = YES;
				GCC_WARN_64_TO_32_BIT_CONVERSION = YES;
				GCC_WARN_ABOUT_RETURN_TYPE = YES_ERROR;
				GCC_WARN_UNDECLARED_SELECTOR = YES;
				GCC_WARN_UNINITIALIZED_AUTOS = YES_AGGRESSIVE;
				GCC_WARN_UNUSED_FUNCTION = YES;
				GCC_WARN_UNUSED_VARIABLE = YES;
				IPHONEOS_DEPLOYMENT_TARGET = 18.5;
				LOCALIZATION_PREFERS_STRING_CATALOGS = YES;
				MTL_ENABLE_DEBUG_INFO = NO;
				MTL_FAST_MATH = YES;
				SDKROOT = iphoneos;
				SWIFT_COMPILATION_MODE = wholemodule;
				VALIDATE_PRODUCT = YES;
			};
			name = Release;
		};
		6DC5BE3E2E6B322E00F8CEC4 /* Debug */ = {
			isa = XCBuildConfiguration;
			buildSettings = {
				ASSETCATALOG_COMPILER_APPICON_NAME = AppIcon;
				ASSETCATALOG_COMPILER_GLOBAL_ACCENT_COLOR_NAME = AccentColor;
				CODE_SIGN_STYLE = Automatic;
				CURRENT_PROJECT_VERSION = 1;
				DEVELOPMENT_TEAM = 24883L9UCA;
				ENABLE_PREVIEWS = YES;
				GENERATE_INFOPLIST_FILE = YES;
				INFOPLIST_KEY_CFBundleDisplayName = KartStopper;
				INFOPLIST_KEY_LSApplicationCategoryType = "public.app-category.productivity";
				INFOPLIST_KEY_UIApplicationSceneManifest_Generation = YES;
				INFOPLIST_KEY_UIApplicationSupportsIndirectInputEvents = YES;
				INFOPLIST_KEY_UILaunchScreen_Generation = YES;
				INFOPLIST_KEY_UISupportedInterfaceOrientations = UIInterfaceOrientationPortrait;
				INFOPLIST_KEY_UISupportedInterfaceOrientations_iPad = "UIInterfaceOrientationLandscapeLeft UIInterfaceOrientationLandscapeRight UIInterfaceOrientationPortrait UIInterfaceOrientationPortraitUpsideDown";
				IPHONEOS_DEPLOYMENT_TARGET = 15.0;
				LD_RUNPATH_SEARCH_PATHS = (
					"$(inherited)",
					"@executable_path/Frameworks",
				);
				MARKETING_VERSION = 1.0;
				PRODUCT_BUNDLE_IDENTIFIER = com.goldendamsel.kartstopper;
				PRODUCT_NAME = "$(TARGET_NAME)";
				SWIFT_EMIT_LOC_STRINGS = YES;
				SWIFT_VERSION = 5.0;
				TARGETED_DEVICE_FAMILY = "1,2";
			};
			name = Debug;
		};
		6DC5BE3F2E6B322E00F8CEC4 /* Release */ = {
			isa = XCBuildConfiguration;
			buildSettings = {
				ASSETCATALOG_COMPILER_APPICON_NAME = AppIcon;
				ASSETCATALOG_COMPILER_GLOBAL_ACCENT_COLOR_NAME = AccentColor;
				CODE_SIGN_STYLE = Automatic;
				CURRENT_PROJECT_VERSION = 1;
				DEVELOPMENT_TEAM = 24883L9UCA;
				ENABLE_PREVIEWS = YES;
				GENERATE_INFOPLIST_FILE = YES;
				INFOPLIST_KEY_CFBundleDisplayName = KartStopper;
				INFOPLIST_KEY_LSApplicationCategoryType = "public.app-category.productivity";
				INFOPLIST_KEY_UIApplicationSceneManifest_Generation = YES;
				INFOPLIST_KEY_UIApplicationSupportsIndirectInputEvents = YES;
				INFOPLIST_KEY_UILaunchScreen_Generation = YES;
				INFOPLIST_KEY_UISupportedInterfaceOrientations = UIInterfaceOrientationPortrait;
				INFOPLIST_KEY_UISupportedInterfaceOrientations_iPad = "UIInterfaceOrientationLandscapeLeft UIInterfaceOrientationLandscapeRight UIInterfaceOrientationPortrait UIInterfaceOrientationPortraitUpsideDown";
				IPHONEOS_DEPLOYMENT_TARGET = 15.0;
				LD_RUNPATH_SEARCH_PATHS = (
					"$(inherited)",
					"@executable_path/Frameworks",
				);
				MARKETING_VERSION = 1.0;
				PRODUCT_BUNDLE_IDENTIFIER = com.goldendamsel.kartstopper;
				PRODUCT_NAME = "$(TARGET_NAME)";
				SWIFT_EMIT_LOC_STRINGS = YES;
				SWIFT_VERSION = 5.0;
				TARGETED_DEVICE_FAMILY = "1,2";
			};
			name = Release;
		};
		6DC5BE412E6B322E00F8CEC4 /* Debug */ = {
			isa = XCBuildConfiguration;
			buildSettings = {
				BUNDLE_LOADER = "$(TEST_HOST)";
				CODE_SIGN_STYLE = Automatic;
				CURRENT_PROJECT_VERSION = 1;
				DEVELOPMENT_TEAM = 24883L9UCA;
				GENERATE_INFOPLIST_FILE = YES;
				IPHONEOS_DEPLOYMENT_TARGET = 18.5;
				MARKETING_VERSION = 1.0;
				PRODUCT_BUNDLE_IDENTIFIER = com.goldendamsel.kartstopperTests;
				PRODUCT_NAME = "$(TARGET_NAME)";
				SWIFT_EMIT_LOC_STRINGS = NO;
				SWIFT_VERSION = 5.0;
				TARGETED_DEVICE_FAMILY = "1,2";
				TEST_HOST = "$(BUILT_PRODUCTS_DIR)/kartstopper.app/$(BUNDLE_EXECUTABLE_FOLDER_PATH)/kartstopper";
			};
			name = Debug;
		};
		6DC5BE422E6B322E00F8CEC4 /* Release */ = {
			isa = XCBuildConfiguration;
			buildSettings = {
				BUNDLE_LOADER = "$(TEST_HOST)";
				CODE_SIGN_STYLE = Automatic;
				CURRENT_PROJECT_VERSION = 1;
				DEVELOPMENT_TEAM = 24883L9UCA;
				GENERATE_INFOPLIST_FILE = YES;
				IPHONEOS_DEPLOYMENT_TARGET = 18.5;
				MARKETING_VERSION = 1.0;
				PRODUCT_BUNDLE_IDENTIFIER = com.goldendamsel.kartstopperTests;
				PRODUCT_NAME = "$(TARGET_NAME)";
				SWIFT_EMIT_LOC_STRINGS = NO;
				SWIFT_VERSION = 5.0;
				TARGETED_DEVICE_FAMILY = "1,2";
				TEST_HOST = "$(BUILT_PRODUCTS_DIR)/kartstopper.app/$(BUNDLE_EXECUTABLE_FOLDER_PATH)/kartstopper";
			};
			name = Release;
		};
		6DC5BE442E6B322E00F8CEC4 /* Debug */ = {
			isa = XCBuildConfiguration;
			buildSettings = {
				CODE_SIGN_STYLE = Automatic;
				CURRENT_PROJECT_VERSION = 1;
				DEVELOPMENT_TEAM = 24883L9UCA;
				GENERATE_INFOPLIST_FILE = YES;
				MARKETING_VERSION = 1.0;
				PRODUCT_BUNDLE_IDENTIFIER = com.goldendamsel.kartstopperUITests;
				PRODUCT_NAME = "$(TARGET_NAME)";
				SWIFT_EMIT_LOC_STRINGS = NO;
				SWIFT_VERSION = 5.0;
				TARGETED_DEVICE_FAMILY = "1,2";
				TEST_TARGET_NAME = kartstopper;
			};
			name = Debug;
		};
		6DC5BE452E6B322E00F8CEC4 /* Release */ = {
			isa = XCBuildConfiguration;
			buildSettings = {
				CODE_SIGN_STYLE = Automatic;
				CURRENT_PROJECT_VERSION = 1;
				DEVELOPMENT_TEAM = 24883L9UCA;
				GENERATE_INFOPLIST_FILE = YES;
				MARKETING_VERSION = 1.0;
				PRODUCT_BUNDLE_IDENTIFIER = com.goldendamsel.kartstopperUITests;
				PRODUCT_NAME = "$(TARGET_NAME)";
				SWIFT_EMIT_LOC_STRINGS = NO;
				SWIFT_VERSION = 5.0;
				TARGETED_DEVICE_FAMILY = "1,2";
				TEST_TARGET_NAME = kartstopper;
			};
			name = Release;
		};
/* End XCBuildConfiguration section */

/* Begin XCConfigurationList section */
		6DC5BE152E6B322B00F8CEC4 /* Build configuration list for PBXProject "kartstopper" */ = {
			isa = XCConfigurationList;
			buildConfigurations = (
				6DC5BE3B2E6B322E00F8CEC4 /* Debug */,
				6DC5BE3C2E6B322E00F8CEC4 /* Release */,
			);
			defaultConfigurationIsVisible = 0;
			defaultConfigurationName = Release;
		};
		6DC5BE3D2E6B322E00F8CEC4 /* Build configuration list for PBXNativeTarget "kartstopper" */ = {
			isa = XCConfigurationList;
			buildConfigurations = (
				6DC5BE3E2E6B322E00F8CEC4 /* Debug */,
				6DC5BE3F2E6B322E00F8CEC4 /* Release */,
			);
			defaultConfigurationIsVisible = 0;
			defaultConfigurationName = Release;
		};
		6DC5BE402E6B322E00F8CEC4 /* Build configuration list for PBXNativeTarget "kartstopperTests" */ = {
			isa = XCConfigurationList;
			buildConfigurations = (
				6DC5BE412E6B322E00F8CEC4 /* Debug */,
				6DC5BE422E6B322E00F8CEC4 /* Release */,
			);
			defaultConfigurationIsVisible = 0;
			defaultConfigurationName = Release;
		};
		6DC5BE432E6B322E00F8CEC4 /* Build configuration list for PBXNativeTarget "kartstopperUITests" */ = {
			isa = XCConfigurationList;
			buildConfigurations = (
				6DC5BE442E6B322E00F8CEC4 /* Debug */,
				6DC5BE452E6B322E00F8CEC4 /* Release */,
			);
			defaultConfigurationIsVisible = 0;
			defaultConfigurationName = Release;
		};
/* End XCConfigurationList section */
	};
	rootObject = 6DC5BE122E6B322B00F8CEC4 /* Project object */;
}
